// !$*UTF8*$!
{
	archiveVersion = 1;
	classes = {
	};
	objectVersion = 46;
	objects = {

/* Begin PBXBuildFile section */
		1F3DD35D1B2DF5B000A9A2D9 /* AppDelegate.swift in Sources */ = {isa = PBXBuildFile; fileRef = 1F3DD35C1B2DF5B000A9A2D9 /* AppDelegate.swift */; };
		1F3DD35F1B2DF5B000A9A2D9 /* ViewController.swift in Sources */ = {isa = PBXBuildFile; fileRef = 1F3DD35E1B2DF5B000A9A2D9 /* ViewController.swift */; };
		1F3DD3621B2DF5B000A9A2D9 /* Main.storyboard in Resources */ = {isa = PBXBuildFile; fileRef = 1F3DD3601B2DF5B000A9A2D9 /* Main.storyboard */; };
		1F3DD3641B2DF5B000A9A2D9 /* Images.xcassets in Resources */ = {isa = PBXBuildFile; fileRef = 1F3DD3631B2DF5B000A9A2D9 /* Images.xcassets */; };
		1F3DD3671B2DF5B000A9A2D9 /* LaunchScreen.xib in Resources */ = {isa = PBXBuildFile; fileRef = 1F3DD3651B2DF5B000A9A2D9 /* LaunchScreen.xib */; };
		1F3DD3731B2DF5B000A9A2D9 /* Cat_yearsTests.swift in Sources */ = {isa = PBXBuildFile; fileRef = 1F3DD3721B2DF5B000A9A2D9 /* Cat_yearsTests.swift */; };
		1F3DD37D1B2DF7FD00A9A2D9 /* cat.png in Resources */ = {isa = PBXBuildFile; fileRef = 1F3DD37C1B2DF7FD00A9A2D9 /* cat.png */; };
/* End PBXBuildFile section */

/* Begin PBXContainerItemProxy section */
		1F3DD36D1B2DF5B000A9A2D9 /* PBXContainerItemProxy */ = {
			isa = PBXContainerItemProxy;
			containerPortal = 1F3DD34F1B2DF5B000A9A2D9 /* Project object */;
			proxyType = 1;
			remoteGlobalIDString = 1F3DD3561B2DF5B000A9A2D9;
			remoteInfo = "Cat years";
		};
/* End PBXContainerItemProxy section */

/* Begin PBXFileReference section */
		1F3DD3571B2DF5B000A9A2D9 /* Cat years.app */ = {isa = PBXFileReference; explicitFileType = wrapper.application; includeInIndex = 0; path = "Cat years.app"; sourceTree = BUILT_PRODUCTS_DIR; };
		1F3DD35B1B2DF5B000A9A2D9 /* Info.plist */ = {isa = PBXFileReference; lastKnownFileType = text.plist.xml; path = Info.plist; sourceTree = "<group>"; };
		1F3DD35C1B2DF5B000A9A2D9 /* AppDelegate.swift */ = {isa = PBXFileReference; lastKnownFileType = sourcecode.swift; path = AppDelegate.swift; sourceTree = "<group>"; };
		1F3DD35E1B2DF5B000A9A2D9 /* ViewController.swift */ = {isa = PBXFileReference; lastKnownFileType = sourcecode.swift; path = ViewController.swift; sourceTree = "<group>"; };
		1F3DD3611B2DF5B000A9A2D9 /* Base */ = {isa = PBXFileReference; lastKnownFileType = file.storyboard; name = Base; path = Base.lproj/Main.storyboard; sourceTree = "<group>"; };
		1F3DD3631B2DF5B000A9A2D9 /* Images.xcassets */ = {isa = PBXFileReference; lastKnownFileType = folder.assetcatalog; path = Images.xcassets; sourceTree = "<group>"; };
		1F3DD3661B2DF5B000A9A2D9 /* Base */ = {isa = PBXFileReference; lastKnownFileType = file.xib; name = Base; path = Base.lproj/LaunchScreen.xib; sourceTree = "<group>"; };
		1F3DD36C1B2DF5B000A9A2D9 /* Cat yearsTests.xctest */ = {isa = PBXFileReference; explicitFileType = wrapper.cfbundle; includeInIndex = 0; path = "Cat yearsTests.xctest"; sourceTree = BUILT_PRODUCTS_DIR; };
		1F3DD3711B2DF5B000A9A2D9 /* Info.plist */ = {isa = PBXFileReference; lastKnownFileType = text.plist.xml; path = Info.plist; sourceTree = "<group>"; };
		1F3DD3721B2DF5B000A9A2D9 /* Cat_yearsTests.swift */ = {isa = PBXFileReference; lastKnownFileType = sourcecode.swift; path = Cat_yearsTests.swift; sourceTree = "<group>"; };
		1F3DD37C1B2DF7FD00A9A2D9 /* cat.png */ = {isa = PBXFileReference; lastKnownFileType = image.png; path = cat.png; sourceTree = "<group>"; };
/* End PBXFileReference section */

/* Begin PBXFrameworksBuildPhase section */
		1F3DD3541B2DF5B000A9A2D9 /* Frameworks */ = {
			isa = PBXFrameworksBuildPhase;
			buildActionMask = 2147483647;
			files = (
			);
			runOnlyForDeploymentPostprocessing = 0;
		};
		1F3DD3691B2DF5B000A9A2D9 /* Frameworks */ = {
			isa = PBXFrameworksBuildPhase;
			buildActionMask = 2147483647;
			files = (
			);
			runOnlyForDeploymentPostprocessing = 0;
		};
/* End PBXFrameworksBuildPhase section */

/* Begin PBXGroup section */
		1F3DD34E1B2DF5B000A9A2D9 = {
			isa = PBXGroup;
			children = (
				1F3DD3591B2DF5B000A9A2D9 /* Cat years */,
				1F3DD36F1B2DF5B000A9A2D9 /* Cat yearsTests */,
				1F3DD3581B2DF5B000A9A2D9 /* Products */,
			);
			sourceTree = "<group>";
		};
		1F3DD3581B2DF5B000A9A2D9 /* Products */ = {
			isa = PBXGroup;
			children = (
				1F3DD3571B2DF5B000A9A2D9 /* Cat years.app */,
				1F3DD36C1B2DF5B000A9A2D9 /* Cat yearsTests.xctest */,
			);
			name = Products;
			sourceTree = "<group>";
		};
		1F3DD3591B2DF5B000A9A2D9 /* Cat years */ = {
			isa = PBXGroup;
			children = (
				1F3DD35C1B2DF5B000A9A2D9 /* AppDelegate.swift */,
				1F3DD35E1B2DF5B000A9A2D9 /* ViewController.swift */,
				1F3DD3601B2DF5B000A9A2D9 /* Main.storyboard */,
				1F3DD37C1B2DF7FD00A9A2D9 /* cat.png */,
				1F3DD3631B2DF5B000A9A2D9 /* Images.xcassets */,
				1F3DD3651B2DF5B000A9A2D9 /* LaunchScreen.xib */,
				1F3DD35A1B2DF5B000A9A2D9 /* Supporting Files */,
			);
			path = "Cat years";
			sourceTree = "<group>";
		};
		1F3DD35A1B2DF5B000A9A2D9 /* Supporting Files */ = {
			isa = PBXGroup;
			children = (
				1F3DD35B1B2DF5B000A9A2D9 /* Info.plist */,
			);
			name = "Supporting Files";
			sourceTree = "<group>";
		};
		1F3DD36F1B2DF5B000A9A2D9 /* Cat yearsTests */ = {
			isa = PBXGroup;
			children = (
				1F3DD3721B2DF5B000A9A2D9 /* Cat_yearsTests.swift */,
				1F3DD3701B2DF5B000A9A2D9 /* Supporting Files */,
			);
			path = "Cat yearsTests";
			sourceTree = "<group>";
		};
		1F3DD3701B2DF5B000A9A2D9 /* Supporting Files */ = {
			isa = PBXGroup;
			children = (
				1F3DD3711B2DF5B000A9A2D9 /* Info.plist */,
			);
			name = "Supporting Files";
			sourceTree = "<group>";
		};
/* End PBXGroup section */

/* Begin PBXNativeTarget section */
		1F3DD3561B2DF5B000A9A2D9 /* Cat years */ = {
			isa = PBXNativeTarget;
			buildConfigurationList = 1F3DD3761B2DF5B000A9A2D9 /* Build configuration list for PBXNativeTarget "Cat years" */;
			buildPhases = (
				1F3DD3531B2DF5B000A9A2D9 /* Sources */,
				1F3DD3541B2DF5B000A9A2D9 /* Frameworks */,
				1F3DD3551B2DF5B000A9A2D9 /* Resources */,
			);
			buildRules = (
			);
			dependencies = (
			);
			name = "Cat years";
			productName = "Cat years";
			productReference = 1F3DD3571B2DF5B000A9A2D9 /* Cat years.app */;
			productType = "com.apple.product-type.application";
		};
		1F3DD36B1B2DF5B000A9A2D9 /* Cat yearsTests */ = {
			isa = PBXNativeTarget;
			buildConfigurationList = 1F3DD3791B2DF5B000A9A2D9 /* Build configuration list for PBXNativeTarget "Cat yearsTests" */;
			buildPhases = (
				1F3DD3681B2DF5B000A9A2D9 /* Sources */,
				1F3DD3691B2DF5B000A9A2D9 /* Frameworks */,
				1F3DD36A1B2DF5B000A9A2D9 /* Resources */,
			);
			buildRules = (
			);
			dependencies = (
				1F3DD36E1B2DF5B000A9A2D9 /* PBXTargetDependency */,
			);
			name = "Cat yearsTests";
			productName = "Cat yearsTests";
			productReference = 1F3DD36C1B2DF5B000A9A2D9 /* Cat yearsTests.xctest */;
			productType = "com.apple.product-type.bundle.unit-test";
		};
/* End PBXNativeTarget section */

/* Begin PBXProject section */
		1F3DD34F1B2DF5B000A9A2D9 /* Project object */ = {
			isa = PBXProject;
			attributes = {
				LastUpgradeCheck = 0630;
				ORGANIZATIONNAME = "Fran Primo Ruiz";
				TargetAttributes = {
					1F3DD3561B2DF5B000A9A2D9 = {
						CreatedOnToolsVersion = 6.3.2;
					};
					1F3DD36B1B2DF5B000A9A2D9 = {
						CreatedOnToolsVersion = 6.3.2;
						TestTargetID = 1F3DD3561B2DF5B000A9A2D9;
					};
				};
			};
			buildConfigurationList = 1F3DD3521B2DF5B000A9A2D9 /* Build configuration list for PBXProject "Cat years" */;
			compatibilityVersion = "Xcode 3.2";
			developmentRegion = English;
			hasScannedForEncodings = 0;
			knownRegions = (
				en,
				Base,
			);
			mainGroup = 1F3DD34E1B2DF5B000A9A2D9;
			productRefGroup = 1F3DD3581B2DF5B000A9A2D9 /* Products */;
			projectDirPath = "";
			projectRoot = "";
			targets = (
				1F3DD3561B2DF5B000A9A2D9 /* Cat years */,
				1F3DD36B1B2DF5B000A9A2D9 /* Cat yearsTests */,
			);
		};
/* End PBXProject section */

/* Begin PBXResourcesBuildPhase section */
		1F3DD3551B2DF5B000A9A2D9 /* Resources */ = {
			isa = PBXResourcesBuildPhase;
			buildActionMask = 2147483647;
			files = (
				1F3DD3621B2DF5B000A9A2D9 /* Main.storyboard in Resources */,
				1F3DD3671B2DF5B000A9A2D9 /* LaunchScreen.xib in Resources */,
				1F3DD37D1B2DF7FD00A9A2D9 /* cat.png in Resources */,
				1F3DD3641B2DF5B000A9A2D9 /* Images.xcassets in Resources */,
			);
			runOnlyForDeploymentPostprocessing = 0;
		};
		1F3DD36A1B2DF5B000A9A2D9 /* Resources */ = {
			isa = PBXResourcesBuildPhase;
			buildActionMask = 2147483647;
			files = (
			);
			runOnlyForDeploymentPostprocessing = 0;
		};
/* End PBXResourcesBuildPhase section */

/* Begin PBXSourcesBuildPhase section */
		1F3DD3531B2DF5B000A9A2D9 /* Sources */ = {
			isa = PBXSourcesBuildPhase;
			buildActionMask = 2147483647;
			files = (
				1F3DD35F1B2DF5B000A9A2D9 /* ViewController.swift in Sources */,
				1F3DD35D1B2DF5B000A9A2D9 /* AppDelegate.swift in Sources */,
			);
			runOnlyForDeploymentPostprocessing = 0;
		};
		1F3DD3681B2DF5B000A9A2D9 /* Sources */ = {
			isa = PBXSourcesBuildPhase;
			buildActionMask = 2147483647;
			files = (
				1F3DD3731B2DF5B000A9A2D9 /* Cat_yearsTests.swift in Sources */,
			);
			runOnlyForDeploymentPostprocessing = 0;
		};
/* End PBXSourcesBuildPhase section */

/* Begin PBXTargetDependency section */
		1F3DD36E1B2DF5B000A9A2D9 /* PBXTargetDependency */ = {
			isa = PBXTargetDependency;
			target = 1F3DD3561B2DF5B000A9A2D9 /* Cat years */;
			targetProxy = 1F3DD36D1B2DF5B000A9A2D9 /* PBXContainerItemProxy */;
		};
/* End PBXTargetDependency section */

/* Begin PBXVariantGroup section */
		1F3DD3601B2DF5B000A9A2D9 /* Main.storyboard */ = {
			isa = PBXVariantGroup;
			children = (
				1F3DD3611B2DF5B000A9A2D9 /* Base */,
			);
			name = Main.storyboard;
			sourceTree = "<group>";
		};
		1F3DD3651B2DF5B000A9A2D9 /* LaunchScreen.xib */ = {
			isa = PBXVariantGroup;
			children = (
				1F3DD3661B2DF5B000A9A2D9 /* Base */,
			);
			name = LaunchScreen.xib;
			sourceTree = "<group>";
		};
/* End PBXVariantGroup section */

/* Begin XCBuildConfiguration section */
		1F3DD3741B2DF5B000A9A2D9 /* Debug */ = {
			isa = XCBuildConfiguration;
			buildSettings = {
				ALWAYS_SEARCH_USER_PATHS = NO;
				CLANG_CXX_LANGUAGE_STANDARD = "gnu++0x";
				CLANG_CXX_LIBRARY = "libc++";
				CLANG_ENABLE_MODULES = YES;
				CLANG_ENABLE_OBJC_ARC = YES;
				CLANG_WARN_BOOL_CONVERSION = YES;
				CLANG_WARN_CONSTANT_CONVERSION = YES;
				CLANG_WARN_DIRECT_OBJC_ISA_USAGE = YES_ERROR;
				CLANG_WARN_EMPTY_BODY = YES;
				CLANG_WARN_ENUM_CONVERSION = YES;
				CLANG_WARN_INT_CONVERSION = YES;
				CLANG_WARN_OBJC_ROOT_CLASS = YES_ERROR;
				CLANG_WARN_UNREACHABLE_CODE = YES;
				CLANG_WARN__DUPLICATE_METHOD_MATCH = YES;
				"CODE_SIGN_IDENTITY[sdk=iphoneos*]" = "iPhone Developer";
				COPY_PHASE_STRIP = NO;
				DEBUG_INFORMATION_FORMAT = "dwarf-with-dsym";
				ENABLE_STRICT_OBJC_MSGSEND = YES;
				GCC_C_LANGUAGE_STANDARD = gnu99;
				GCC_DYNAMIC_NO_PIC = NO;
				GCC_NO_COMMON_BLOCKS = YES;
				GCC_OPTIMIZATION_LEVEL = 0;
				GCC_PREPROCESSOR_DEFINITIONS = (
					"DEBUG=1",
					"$(inherited)",
				);
				GCC_SYMBOLS_PRIVATE_EXTERN = NO;
				GCC_WARN_64_TO_32_BIT_CONVERSION = YES;
				GCC_WARN_ABOUT_RETURN_TYPE = YES_ERROR;
				GCC_WARN_UNDECLARED_SELECTOR = YES;
				GCC_WARN_UNINITIALIZED_AUTOS = YES_AGGRESSIVE;
				GCC_WARN_UNUSED_FUNCTION = YES;
				GCC_WARN_UNUSED_VARIABLE = YES;
				IPHONEOS_DEPLOYMENT_TARGET = 8.3;
				MTL_ENABLE_DEBUG_INFO = YES;
				ONLY_ACTIVE_ARCH = YES;
				SDKROOT = iphoneos;
				SWIFT_OPTIMIZATION_LEVEL = "-Onone";
			};
			name = Debug;
		};
		1F3DD3751B2DF5B000A9A2D9 /* Release */ = {
			isa = XCBuildConfiguration;
			buildSettings = {
				ALWAYS_SEARCH_USER_PATHS = NO;
				CLANG_CXX_LANGUAGE_STANDARD = "gnu++0x";
				CLANG_CXX_LIBRARY = "libc++";
				CLANG_ENABLE_MODULES = YES;
				CLANG_ENABLE_OBJC_ARC = YES;
				CLANG_WARN_BOOL_CONVERSION = YES;
				CLANG_WARN_CONSTANT_CONVERSION = YES;
				CLANG_WARN_DIRECT_OBJC_ISA_USAGE = YES_ERROR;
				CLANG_WARN_EMPTY_BODY = YES;
				CLANG_WARN_ENUM_CONVERSION = YES;
				CLANG_WARN_INT_CONVERSION = YES;
				CLANG_WARN_OBJC_ROOT_CLASS = YES_ERROR;
				CLANG_WARN_UNREACHABLE_CODE = YES;
				CLANG_WARN__DUPLICATE_METHOD_MATCH = YES;
				"CODE_SIGN_IDENTITY[sdk=iphoneos*]" = "iPhone Developer";
				COPY_PHASE_STRIP = NO;
				DEBUG_INFORMATION_FORMAT = "dwarf-with-dsym";
				ENABLE_NS_ASSERTIONS = NO;
				ENABLE_STRICT_OBJC_MSGSEND = YES;
				GCC_C_LANGUAGE_STANDARD = gnu99;
				GCC_NO_COMMON_BLOCKS = YES;
				GCC_WARN_64_TO_32_BIT_CONVERSION = YES;
				GCC_WARN_ABOUT_RETURN_TYPE = YES_ERROR;
				GCC_WARN_UNDECLARED_SELECTOR = YES;
				GCC_WARN_UNINITIALIZED_AUTOS = YES_AGGRESSIVE;
				GCC_WARN_UNUSED_FUNCTION = YES;
				GCC_WARN_UNUSED_VARIABLE = YES;
				IPHONEOS_DEPLOYMENT_TARGET = 8.3;
				MTL_ENABLE_DEBUG_INFO = NO;
				SDKROOT = iphoneos;
				VALIDATE_PRODUCT = YES;
			};
			name = Release;
		};
		1F3DD3771B2DF5B000A9A2D9 /* Debug */ = {
			isa = XCBuildConfiguration;
			buildSettings = {
				ASSETCATALOG_COMPILER_APPICON_NAME = AppIcon;
				INFOPLIST_FILE = "Cat years/Info.plist";
				LD_RUNPATH_SEARCH_PATHS = "$(inherited) @executable_path/Frameworks";
				PRODUCT_NAME = "$(TARGET_NAME)";
			};
			name = Debug;
		};
		1F3DD3781B2DF5B000A9A2D9 /* Release */ = {
			isa = XCBuildConfiguration;
			buildSettings = {
				ASSETCATALOG_COMPILER_APPICON_NAME = AppIcon;
				INFOPLIST_FILE = "Cat years/Info.plist";
				LD_RUNPATH_SEARCH_PATHS = "$(inherited) @executable_path/Frameworks";
				PRODUCT_NAME = "$(TARGET_NAME)";
			};
			name = Release;
		};
		1F3DD37A1B2DF5B000A9A2D9 /* Debug */ = {
			isa = XCBuildConfiguration;
			buildSettings = {
				BUNDLE_LOADER = "$(TEST_HOST)";
				FRAMEWORK_SEARCH_PATHS = (
					"$(SDKROOT)/Developer/Library/Frameworks",
					"$(inherited)",
				);
				GCC_PREPROCESSOR_DEFINITIONS = (
					"DEBUG=1",
					"$(inherited)",
				);
				INFOPLIST_FILE = "Cat yearsTests/Info.plist";
				LD_RUNPATH_SEARCH_PATHS = "$(inherited) @executable_path/Frameworks @loader_path/Frameworks";
				PRODUCT_NAME = "$(TARGET_NAME)";
				TEST_HOST = "$(BUILT_PRODUCTS_DIR)/Cat years.app/Cat years";
			};
			name = Debug;
		};
		1F3DD37B1B2DF5B000A9A2D9 /* Release */ = {
			isa = XCBuildConfiguration;
			buildSettings = {
				BUNDLE_LOADER = "$(TEST_HOST)";
				FRAMEWORK_SEARCH_PATHS = (
					"$(SDKROOT)/Developer/Library/Frameworks",
					"$(inherited)",
				);
				INFOPLIST_FILE = "Cat yearsTests/Info.plist";
				LD_RUNPATH_SEARCH_PATHS = "$(inherited) @executable_path/Frameworks @loader_path/Frameworks";
				PRODUCT_NAME = "$(TARGET_NAME)";
				TEST_HOST = "$(BUILT_PRODUCTS_DIR)/Cat years.app/Cat years";
			};
			name = Release;
		};
/* End XCBuildConfiguration section */

/* Begin XCConfigurationList section */
		1F3DD3521B2DF5B000A9A2D9 /* Build configuration list for PBXProject "Cat years" */ = {
			isa = XCConfigurationList;
			buildConfigurations = (
				1F3DD3741B2DF5B000A9A2D9 /* Debug */,
				1F3DD3751B2DF5B000A9A2D9 /* Release */,
			);
			defaultConfigurationIsVisible = 0;
			defaultConfigurationName = Release;
		};
		1F3DD3761B2DF5B000A9A2D9 /* Build configuration list for PBXNativeTarget "Cat years" */ = {
			isa = XCConfigurationList;
			buildConfigurations = (
				1F3DD3771B2DF5B000A9A2D9 /* Debug */,
				1F3DD3781B2DF5B000A9A2D9 /* Release */,
			);
			defaultConfigurationIsVisible = 0;
		};
		1F3DD3791B2DF5B000A9A2D9 /* Build configuration list for PBXNativeTarget "Cat yearsTests" */ = {
			isa = XCConfigurationList;
			buildConfigurations = (
				1F3DD37A1B2DF5B000A9A2D9 /* Debug */,
				1F3DD37B1B2DF5B000A9A2D9 /* Release */,
			);
			defaultConfigurationIsVisible = 0;
		};
/* End XCConfigurationList section */
	};
	rootObject = 1F3DD34F1B2DF5B000A9A2D9 /* Project object */;
}
